
Microsoft Visual Studio Solution File, Format Version 12.00
# Visual Studio Version 16
VisualStudioVersion = 16.0.33529.622
MinimumVisualStudioVersion = 10.0.40219.1
Project("{FAE04EC0-301F-11D3-BF4B-00C04F79EFBC}") = "leetcode", "leetcode\leetcode.csproj", "{5E707143-78BF-43EC-83F8-149421F943AD}"
EndProject
Global
	GlobalSection(SolutionConfigurationPlatforms) = preSolution
		Debug|Any CPU = Debug|Any CPU
		Release|Any CPU = Release|Any CPU
	EndGlobalSection
	GlobalSection(ProjectConfigurationPlatforms) = postSolution
		{5E707143-78BF-43EC-83F8-149421F943AD}.Debug|Any CPU.ActiveCfg = Debug|Any CPU
		{5E707143-78BF-43EC-83F8-149421F943AD}.Debug|Any CPU.Build.0 = Debug|Any CPU
		{5E707143-78BF-43EC-83F8-149421F943AD}.Release|Any CPU.ActiveCfg = Release|Any CPU
		{5E707143-78BF-43EC-83F8-149421F943AD}.Release|Any CPU.Build.0 = Release|Any CPU
	EndGlobalSection
	GlobalSection(SolutionProperties) = preSolution
		HideSolutionNode = FALSE
	EndGlobalSection
	GlobalSection(ExtensibilityGlobals) = postSolution
		SolutionGuid = {68E89187-CF08-4845-B519-DC4BAED6DA8F}
	EndGlobalSection
EndGlobal
